
Microsoft Visual Studio Solution File, Format Version 12.00
# Visual Studio Version 16
VisualStudioVersion = 25.0.1706.2
MinimumVisualStudioVersion = 10.0.40219.1
Project("{FAE04EC0-301F-11D3-BF4B-00C04F79EFBC}") = "Microsoft.PowerShell.PSResourceGet", "Microsoft.PowerShell.PSResourceGet.csproj", "{3AF8FF20-8EC6-4D6A-ADD2-0150ACA7A60E}"
EndProject
Global
	GlobalSection(SolutionConfigurationPlatforms) = preSolution
		Debug|Any CPU = Debug|Any CPU
		Release|Any CPU = Release|Any CPU
	EndGlobalSection
	GlobalSection(ProjectConfigurationPlatforms) = postSolution
		{3AF8FF20-8EC6-4D6A-ADD2-0150ACA7A60E}.Debug|Any CPU.ActiveCfg = Debug|Any CPU
		{3AF8FF20-8EC6-4D6A-ADD2-0150ACA7A60E}.Debug|Any CPU.Build.0 = Debug|Any CPU
		{3AF8FF20-8EC6-4D6A-ADD2-0150ACA7A60E}.Release|Any CPU.ActiveCfg = Release|Any CPU
		{3AF8FF20-8EC6-4D6A-ADD2-0150ACA7A60E}.Release|Any CPU.Build.0 = Release|Any CPU
	EndGlobalSection
	GlobalSection(SolutionProperties) = preSolution
		HideSolutionNode = FALSE
	EndGlobalSection
	GlobalSection(ExtensibilityGlobals) = postSolution
		SolutionGuid = {B4DFF4E9-F3F0-41D4-BD68-0044752D9116}
	EndGlobalSection
EndGlobal
